// !$*UTF8*$!
{
	archiveVersion = 1;
	classes = {
	};
	objectVersion = 77;
	objects = {

/* Begin PBXBuildFile section */
		0AA821402CE618218EF32298 /* HomeView.swift in Sources */ = {isa = PBXBuildFile; fileRef = 77DC1A7D167FC4E8FE09E140 /* HomeView.swift */; };
		0CF2000AC8E46EB7B1B99BDB /* Assets.xcassets in Resources */ = {isa = PBXBuildFile; fileRef = 45E1ECA5868A954E9047FD8A /* Assets.xcassets */; };
		0D5F8C352CB2A1A3A4FD062C /* ConfigureDefaultsView.swift in Sources */ = {isa = PBXBuildFile; fileRef = 418AFCC644115066C972174A /* ConfigureDefaultsView.swift */; };
		14560B2564BA3CE89605D8CF /* LiveActivityManager.swift in Sources */ = {isa = PBXBuildFile; fileRef = 3532F17A92FAED5DC7E54725 /* LiveActivityManager.swift */; };
		1DDE138F8649F63F94D334C6 /* SessionActivityAttributes.swift in Sources */ = {isa = PBXBuildFile; fileRef = 53A8D779693243412C74FBC7 /* SessionActivityAttributes.swift */; };
		1F3B5EF6D04AB2044CBEF4CA /* SessionLiveActivity.swift in Sources */ = {isa = PBXBuildFile; fileRef = 6625154DAE0D9D93CADCD89C /* SessionLiveActivity.swift */; };
		2242C6E17B5696CA8415D967 /* WaterlineWidgets.swift in Sources */ = {isa = PBXBuildFile; fileRef = 9B8651BE0BE124C8A594A229 /* WaterlineWidgets.swift */; };
		2445BC13687D271CED595BF4 /* ContentView.swift in Sources */ = {isa = PBXBuildFile; fileRef = 88DF8AB6AC47AD0653B444B0 /* ContentView.swift */; };
		2F6990F23649351059756437 /* PresetsListView.swift in Sources */ = {isa = PBXBuildFile; fileRef = 935936E649BD604A4CE91AE9 /* PresetsListView.swift */; };
		349E4803DA753D20A5770F6F /* WaterlineIntentsExtension.swift in Sources */ = {isa = PBXBuildFile; fileRef = 8A2992B9C6826265599D1711 /* WaterlineIntentsExtension.swift */; };
		359843854A298871D80AFCBB /* LogEntryRow.swift in Sources */ = {isa = PBXBuildFile; fileRef = CDC5CFC80E88D27C379A4E4B /* LogEntryRow.swift */; };
		35E1247D74602F7B8A7D4E89 /* WaterlineApp.swift in Sources */ = {isa = PBXBuildFile; fileRef = 5FC30BDE82B26B39B8C89DD2 /* WaterlineApp.swift */; };
		3E6316525407024549C49BAC /* StartSessionIntent.swift in Sources */ = {isa = PBXBuildFile; fileRef = 87DCE88C6292B27573A78D0B /* StartSessionIntent.swift */; };
		44C3491CC911D09054395C9A /* EditLogEntryView.swift in Sources */ = {isa = PBXBuildFile; fileRef = 2E1DA8348C354E4F66E5B7D1 /* EditLogEntryView.swift */; };
		53ADDC4EC5CE9614BA08F652 /* SessionActivityAttributes.swift in Sources */ = {isa = PBXBuildFile; fileRef = 53A8D779693243412C74FBC7 /* SessionActivityAttributes.swift */; };
		54C1DE29AA70EFA3427E6BD2 /* Models.swift in Sources */ = {isa = PBXBuildFile; fileRef = 8EA0B9A74998663E2DAFA317 /* Models.swift */; };
		68750563424307566492ED8B /* SyncService.swift in Sources */ = {isa = PBXBuildFile; fileRef = 86FD0E22BE61C14F7AB19AB3 /* SyncService.swift */; };
		6CB136EE0438C01404E1F142 /* WaterlineWidgets.appex in Embed Foundation Extensions */ = {isa = PBXBuildFile; fileRef = 6DCD502EFF5665453A864235 /* WaterlineWidgets.appex */; settings = {ATTRIBUTES = (RemoveHeadersOnCopy, ); }; };
		702F765B8D1E94D08E499BD9 /* WatchConnectivityManager.swift in Sources */ = {isa = PBXBuildFile; fileRef = 906BD1A774E97749D07DDAF4 /* WatchConnectivityManager.swift */; };
		70B8A77FF1B88F6966D18B92 /* Assets.xcassets in Resources */ = {isa = PBXBuildFile; fileRef = 7660566AFF2B39C183B54857 /* Assets.xcassets */; };
		722A6363D11FAC6774E51D4B /* LogDrinkIntent.swift in Sources */ = {isa = PBXBuildFile; fileRef = F65E115F53D7E81EF8D6E11D /* LogDrinkIntent.swift */; };
		7518B5E3329AF18C9216A0DB /* SignInView.swift in Sources */ = {isa = PBXBuildFile; fileRef = 57FBFAFDFF394F0980B0F734 /* SignInView.swift */; };
		7BB79C6221244D12C13139D3 /* AddEditPresetView.swift in Sources */ = {isa = PBXBuildFile; fileRef = C9590486F3F96F3593A3E768 /* AddEditPresetView.swift */; };
		81640489E75D021E0B5E9D8C /* OnboardingView.swift in Sources */ = {isa = PBXBuildFile; fileRef = 973B8EDEAE3005672BCEF80B /* OnboardingView.swift */; };
		82C6F28D49ED9F5505491E90 /* SessionActivityAttributes.swift in Sources */ = {isa = PBXBuildFile; fileRef = 53A8D779693243412C74FBC7 /* SessionActivityAttributes.swift */; };
		89D8DF0D21E0216154E85E93 /* SettingsView.swift in Sources */ = {isa = PBXBuildFile; fileRef = 78F823B13F5C7298B4DAB9FE /* SettingsView.swift */; };
		8E882A2F61FB14D84DAD6CBB /* SessionSummaryView.swift in Sources */ = {isa = PBXBuildFile; fileRef = A2ABC15956027794D080920C /* SessionSummaryView.swift */; };
		9FCE55ED3DB5808DBA2210DF /* NotificationDelegate.swift in Sources */ = {isa = PBXBuildFile; fileRef = 9CA015C1960D150A5D76CDBF /* NotificationDelegate.swift */; };
		A3D08E12CD248F2FC093B8D7 /* Models.swift in Sources */ = {isa = PBXBuildFile; fileRef = 8EA0B9A74998663E2DAFA317 /* Models.swift */; };
		AD0B4F626EBA7DB56047EB45 /* WatchContentView.swift in Sources */ = {isa = PBXBuildFile; fileRef = 20FA07103593D917FC1FECDE /* WatchContentView.swift */; };
		AF6C2F792A80AF0F72F13557 /* LogDrinkIntent.swift in Sources */ = {isa = PBXBuildFile; fileRef = F65E115F53D7E81EF8D6E11D /* LogDrinkIntent.swift */; };
		B36260921FBACB5DFF6526B7 /* Assets.xcassets in Resources */ = {isa = PBXBuildFile; fileRef = AADF82E897611F993792D175 /* Assets.xcassets */; };
		B439A86CAD1820627AA935E5 /* EndSessionIntent.swift in Sources */ = {isa = PBXBuildFile; fileRef = 49CAAE331B1C2B905EFF4298 /* EndSessionIntent.swift */; };
		C9708B583690A2E40D290891 /* SyncStatusIndicator.swift in Sources */ = {isa = PBXBuildFile; fileRef = E839C4D0AD536E0E1D896D65 /* SyncStatusIndicator.swift */; };
		C98E5F7B760FE0E56AE8A771 /* AuthenticationManager.swift in Sources */ = {isa = PBXBuildFile; fileRef = 98D15AF08F7CE9A78C8D88B2 /* AuthenticationManager.swift */; };
		CCA846A88E58371F54278E2D /* WaterlineTimelineProvider.swift in Sources */ = {isa = PBXBuildFile; fileRef = 06EDBC77D401C88FBD318B11 /* WaterlineTimelineProvider.swift */; };
		D0C3B3842739EB953AF2376F /* WatchSessionManager.swift in Sources */ = {isa = PBXBuildFile; fileRef = 10901EE644E3FAA61EDC417F /* WatchSessionManager.swift */; };
		DEA443AEC286FA3E2B0AD169 /* ConvexService.swift in Sources */ = {isa = PBXBuildFile; fileRef = 45DD6621139B9298618E56EA /* ConvexService.swift */; };
		DEBE12ED2E07D31569DCB47F /* WaterlineWatchApp.swift in Sources */ = {isa = PBXBuildFile; fileRef = CC636F72ED3688D8416E2274 /* WaterlineWatchApp.swift */; };
		E229B83E609A72A4FAFC660E /* ReminderService.swift in Sources */ = {isa = PBXBuildFile; fileRef = 3E796B5A65DE5B248AC81689 /* ReminderService.swift */; };
		EC20CBDEBBBF4150EDC45E0B /* LogDrinkView.swift in Sources */ = {isa = PBXBuildFile; fileRef = A638D0863309D4978D04E0BF /* LogDrinkView.swift */; };
		F1F41C1A1A74EEAEF2042AD0 /* LogWaterIntent.swift in Sources */ = {isa = PBXBuildFile; fileRef = 6BDDD8FA063EC599A155B751 /* LogWaterIntent.swift */; };
		F3ADDEB8A5D1D4374199FBB9 /* WaterlineIntents.appex in Embed ExtensionKit Extensions */ = {isa = PBXBuildFile; fileRef = DB25235E71F78A8696A30094 /* WaterlineIntents.appex */; settings = {ATTRIBUTES = (RemoveHeadersOnCopy, ); }; };
		F5E87208627E199832A926AE /* Models.swift in Sources */ = {isa = PBXBuildFile; fileRef = 8EA0B9A74998663E2DAFA317 /* Models.swift */; };
		F7EEAA3D8478D94245E4B3B7 /* StartSessionIntent.swift in Sources */ = {isa = PBXBuildFile; fileRef = 87DCE88C6292B27573A78D0B /* StartSessionIntent.swift */; };
		FC3EA435F79AF6789E1C7DEA /* LogWaterIntent.swift in Sources */ = {isa = PBXBuildFile; fileRef = 6BDDD8FA063EC599A155B751 /* LogWaterIntent.swift */; };
		FE61A7E1F3AFC5AB850D65CC /* EndSessionIntent.swift in Sources */ = {isa = PBXBuildFile; fileRef = 49CAAE331B1C2B905EFF4298 /* EndSessionIntent.swift */; };
		FFE0AC7B95BD7285FC10703D /* ActiveSessionView.swift in Sources */ = {isa = PBXBuildFile; fileRef = 7203C31DCB9904FD9E6C1E64 /* ActiveSessionView.swift */; };
/* End PBXBuildFile section */

/* Begin PBXContainerItemProxy section */
		2FB25B7F91A67267D419CC37 /* PBXContainerItemProxy */ = {
			isa = PBXContainerItemProxy;
			containerPortal = 121E5DB97AB2AAC1888D7AFC /* Project object */;
			proxyType = 1;
			remoteGlobalIDString = 69A568D048129E847FBB2B81;
			remoteInfo = WaterlineIntents;
		};
		ABC1943A06413A11295E5879 /* PBXContainerItemProxy */ = {
			isa = PBXContainerItemProxy;
			containerPortal = 121E5DB97AB2AAC1888D7AFC /* Project object */;
			proxyType = 1;
			remoteGlobalIDString = 339CC83936A6F6A83638DFBF;
			remoteInfo = WaterlineWidgets;
		};
/* End PBXContainerItemProxy section */

/* Begin PBXCopyFilesBuildPhase section */
		11BAB312FAD1E42C7B1B79DD /* Embed ExtensionKit Extensions */ = {
			isa = PBXCopyFilesBuildPhase;
			buildActionMask = 2147483647;
			dstPath = "$(EXTENSIONS_FOLDER_PATH)";
			dstSubfolderSpec = 16;
			files = (
				F3ADDEB8A5D1D4374199FBB9 /* WaterlineIntents.appex in Embed ExtensionKit Extensions */,
			);
			name = "Embed ExtensionKit Extensions";
			runOnlyForDeploymentPostprocessing = 0;
		};
		F30D1E660C7F917802DFB8C9 /* Embed Foundation Extensions */ = {
			isa = PBXCopyFilesBuildPhase;
			buildActionMask = 2147483647;
			dstPath = "";
			dstSubfolderSpec = 13;
			files = (
				6CB136EE0438C01404E1F142 /* WaterlineWidgets.appex in Embed Foundation Extensions */,
			);
			name = "Embed Foundation Extensions";
			runOnlyForDeploymentPostprocessing = 0;
		};
/* End PBXCopyFilesBuildPhase section */

/* Begin PBXFileReference section */
		06EDBC77D401C88FBD318B11 /* WaterlineTimelineProvider.swift */ = {isa = PBXFileReference; lastKnownFileType = sourcecode.swift; path = WaterlineTimelineProvider.swift; sourceTree = "<group>"; };
		10901EE644E3FAA61EDC417F /* WatchSessionManager.swift */ = {isa = PBXFileReference; lastKnownFileType = sourcecode.swift; path = WatchSessionManager.swift; sourceTree = "<group>"; };
		20FA07103593D917FC1FECDE /* WatchContentView.swift */ = {isa = PBXFileReference; lastKnownFileType = sourcecode.swift; path = WatchContentView.swift; sourceTree = "<group>"; };
		2E1DA8348C354E4F66E5B7D1 /* EditLogEntryView.swift */ = {isa = PBXFileReference; lastKnownFileType = sourcecode.swift; path = EditLogEntryView.swift; sourceTree = "<group>"; };
		3532F17A92FAED5DC7E54725 /* LiveActivityManager.swift */ = {isa = PBXFileReference; lastKnownFileType = sourcecode.swift; path = LiveActivityManager.swift; sourceTree = "<group>"; };
		3A047B8CE97B53FC6DC12BA0 /* WaterlineWatch.app */ = {isa = PBXFileReference; explicitFileType = wrapper.application; includeInIndex = 0; path = WaterlineWatch.app; sourceTree = BUILT_PRODUCTS_DIR; };
		3E796B5A65DE5B248AC81689 /* ReminderService.swift */ = {isa = PBXFileReference; lastKnownFileType = sourcecode.swift; path = ReminderService.swift; sourceTree = "<group>"; };
		418AFCC644115066C972174A /* ConfigureDefaultsView.swift */ = {isa = PBXFileReference; lastKnownFileType = sourcecode.swift; path = ConfigureDefaultsView.swift; sourceTree = "<group>"; };
		45DD6621139B9298618E56EA /* ConvexService.swift */ = {isa = PBXFileReference; lastKnownFileType = sourcecode.swift; path = ConvexService.swift; sourceTree = "<group>"; };
		45E1ECA5868A954E9047FD8A /* Assets.xcassets */ = {isa = PBXFileReference; lastKnownFileType = folder.assetcatalog; path = Assets.xcassets; sourceTree = "<group>"; };
		49CAAE331B1C2B905EFF4298 /* EndSessionIntent.swift */ = {isa = PBXFileReference; lastKnownFileType = sourcecode.swift; path = EndSessionIntent.swift; sourceTree = "<group>"; };
		53A8D779693243412C74FBC7 /* SessionActivityAttributes.swift */ = {isa = PBXFileReference; lastKnownFileType = sourcecode.swift; path = SessionActivityAttributes.swift; sourceTree = "<group>"; };
		57FBFAFDFF394F0980B0F734 /* SignInView.swift */ = {isa = PBXFileReference; lastKnownFileType = sourcecode.swift; path = SignInView.swift; sourceTree = "<group>"; };
		5FC30BDE82B26B39B8C89DD2 /* WaterlineApp.swift */ = {isa = PBXFileReference; lastKnownFileType = sourcecode.swift; path = WaterlineApp.swift; sourceTree = "<group>"; };
		609853B3566C2388A9C96F4F /* Waterline.app */ = {isa = PBXFileReference; includeInIndex = 0; lastKnownFileType = wrapper.application; path = Waterline.app; sourceTree = BUILT_PRODUCTS_DIR; };
		6625154DAE0D9D93CADCD89C /* SessionLiveActivity.swift */ = {isa = PBXFileReference; lastKnownFileType = sourcecode.swift; path = SessionLiveActivity.swift; sourceTree = "<group>"; };
		6BDDD8FA063EC599A155B751 /* LogWaterIntent.swift */ = {isa = PBXFileReference; lastKnownFileType = sourcecode.swift; path = LogWaterIntent.swift; sourceTree = "<group>"; };
		6DCD502EFF5665453A864235 /* WaterlineWidgets.appex */ = {isa = PBXFileReference; includeInIndex = 0; lastKnownFileType = "wrapper.app-extension"; path = WaterlineWidgets.appex; sourceTree = BUILT_PRODUCTS_DIR; };
		7203C31DCB9904FD9E6C1E64 /* ActiveSessionView.swift */ = {isa = PBXFileReference; lastKnownFileType = sourcecode.swift; path = ActiveSessionView.swift; sourceTree = "<group>"; };
		7660566AFF2B39C183B54857 /* Assets.xcassets */ = {isa = PBXFileReference; lastKnownFileType = folder.assetcatalog; path = Assets.xcassets; sourceTree = "<group>"; };
		77DC1A7D167FC4E8FE09E140 /* HomeView.swift */ = {isa = PBXFileReference; lastKnownFileType = sourcecode.swift; path = HomeView.swift; sourceTree = "<group>"; };
		78F823B13F5C7298B4DAB9FE /* SettingsView.swift */ = {isa = PBXFileReference; lastKnownFileType = sourcecode.swift; path = SettingsView.swift; sourceTree = "<group>"; };
		86FD0E22BE61C14F7AB19AB3 /* SyncService.swift */ = {isa = PBXFileReference; lastKnownFileType = sourcecode.swift; path = SyncService.swift; sourceTree = "<group>"; };
		87DCE88C6292B27573A78D0B /* StartSessionIntent.swift */ = {isa = PBXFileReference; lastKnownFileType = sourcecode.swift; path = StartSessionIntent.swift; sourceTree = "<group>"; };
		88DF8AB6AC47AD0653B444B0 /* ContentView.swift */ = {isa = PBXFileReference; lastKnownFileType = sourcecode.swift; path = ContentView.swift; sourceTree = "<group>"; };
		8A2992B9C6826265599D1711 /* WaterlineIntentsExtension.swift */ = {isa = PBXFileReference; lastKnownFileType = sourcecode.swift; path = WaterlineIntentsExtension.swift; sourceTree = "<group>"; };
		8EA0B9A74998663E2DAFA317 /* Models.swift */ = {isa = PBXFileReference; lastKnownFileType = sourcecode.swift; path = Models.swift; sourceTree = "<group>"; };
		906BD1A774E97749D07DDAF4 /* WatchConnectivityManager.swift */ = {isa = PBXFileReference; lastKnownFileType = sourcecode.swift; path = WatchConnectivityManager.swift; sourceTree = "<group>"; };
		935936E649BD604A4CE91AE9 /* PresetsListView.swift */ = {isa = PBXFileReference; lastKnownFileType = sourcecode.swift; path = PresetsListView.swift; sourceTree = "<group>"; };
		973B8EDEAE3005672BCEF80B /* OnboardingView.swift */ = {isa = PBXFileReference; lastKnownFileType = sourcecode.swift; path = OnboardingView.swift; sourceTree = "<group>"; };
		98D15AF08F7CE9A78C8D88B2 /* AuthenticationManager.swift */ = {isa = PBXFileReference; lastKnownFileType = sourcecode.swift; path = AuthenticationManager.swift; sourceTree = "<group>"; };
		9B8651BE0BE124C8A594A229 /* WaterlineWidgets.swift */ = {isa = PBXFileReference; lastKnownFileType = sourcecode.swift; path = WaterlineWidgets.swift; sourceTree = "<group>"; };
		9CA015C1960D150A5D76CDBF /* NotificationDelegate.swift */ = {isa = PBXFileReference; lastKnownFileType = sourcecode.swift; path = NotificationDelegate.swift; sourceTree = "<group>"; };
		A2ABC15956027794D080920C /* SessionSummaryView.swift */ = {isa = PBXFileReference; lastKnownFileType = sourcecode.swift; path = SessionSummaryView.swift; sourceTree = "<group>"; };
		A638D0863309D4978D04E0BF /* LogDrinkView.swift */ = {isa = PBXFileReference; lastKnownFileType = sourcecode.swift; path = LogDrinkView.swift; sourceTree = "<group>"; };
		AADF82E897611F993792D175 /* Assets.xcassets */ = {isa = PBXFileReference; lastKnownFileType = folder.assetcatalog; path = Assets.xcassets; sourceTree = "<group>"; };
		C9590486F3F96F3593A3E768 /* AddEditPresetView.swift */ = {isa = PBXFileReference; lastKnownFileType = sourcecode.swift; path = AddEditPresetView.swift; sourceTree = "<group>"; };
		CC636F72ED3688D8416E2274 /* WaterlineWatchApp.swift */ = {isa = PBXFileReference; lastKnownFileType = sourcecode.swift; path = WaterlineWatchApp.swift; sourceTree = "<group>"; };
		CDC5CFC80E88D27C379A4E4B /* LogEntryRow.swift */ = {isa = PBXFileReference; lastKnownFileType = sourcecode.swift; path = LogEntryRow.swift; sourceTree = "<group>"; };
		DB25235E71F78A8696A30094 /* WaterlineIntents.appex */ = {isa = PBXFileReference; explicitFileType = "wrapper.extensionkit-extension"; includeInIndex = 0; path = WaterlineIntents.appex; sourceTree = BUILT_PRODUCTS_DIR; };
		E839C4D0AD536E0E1D896D65 /* SyncStatusIndicator.swift */ = {isa = PBXFileReference; lastKnownFileType = sourcecode.swift; path = SyncStatusIndicator.swift; sourceTree = "<group>"; };
		F65E115F53D7E81EF8D6E11D /* LogDrinkIntent.swift */ = {isa = PBXFileReference; lastKnownFileType = sourcecode.swift; path = LogDrinkIntent.swift; sourceTree = "<group>"; };
/* End PBXFileReference section */

/* Begin PBXGroup section */
		38512FB29BCF4A8FD2AA8688 /* WaterlineWatch */ = {
			isa = PBXGroup;
			children = (
				AADF82E897611F993792D175 /* Assets.xcassets */,
				20FA07103593D917FC1FECDE /* WatchContentView.swift */,
				10901EE644E3FAA61EDC417F /* WatchSessionManager.swift */,
				CC636F72ED3688D8416E2274 /* WaterlineWatchApp.swift */,
			);
			path = WaterlineWatch;
			sourceTree = "<group>";
		};
		40E660A8BCCD64E35883D40C = {
			isa = PBXGroup;
			children = (
				6D1F7F683548B2360B290401 /* Waterline */,
				B9039EB44F521C68D9F1AF78 /* WaterlineIntents */,
				38512FB29BCF4A8FD2AA8688 /* WaterlineWatch */,
				545B629A17BC4D6A2786AB0F /* WaterlineWidgets */,
				6C7C8EA5F09690AAF50CC6E5 /* Products */,
			);
			sourceTree = "<group>";
		};
		545B629A17BC4D6A2786AB0F /* WaterlineWidgets */ = {
			isa = PBXGroup;
			children = (
				45E1ECA5868A954E9047FD8A /* Assets.xcassets */,
				6625154DAE0D9D93CADCD89C /* SessionLiveActivity.swift */,
				06EDBC77D401C88FBD318B11 /* WaterlineTimelineProvider.swift */,
				9B8651BE0BE124C8A594A229 /* WaterlineWidgets.swift */,
			);
			path = WaterlineWidgets;
			sourceTree = "<group>";
		};
		6C7C8EA5F09690AAF50CC6E5 /* Products */ = {
			isa = PBXGroup;
			children = (
				609853B3566C2388A9C96F4F /* Waterline.app */,
				DB25235E71F78A8696A30094 /* WaterlineIntents.appex */,
				3A047B8CE97B53FC6DC12BA0 /* WaterlineWatch.app */,
				6DCD502EFF5665453A864235 /* WaterlineWidgets.appex */,
			);
			name = Products;
			sourceTree = "<group>";
		};
		6D1F7F683548B2360B290401 /* Waterline */ = {
			isa = PBXGroup;
			children = (
				7203C31DCB9904FD9E6C1E64 /* ActiveSessionView.swift */,
				C9590486F3F96F3593A3E768 /* AddEditPresetView.swift */,
				7660566AFF2B39C183B54857 /* Assets.xcassets */,
				98D15AF08F7CE9A78C8D88B2 /* AuthenticationManager.swift */,
				418AFCC644115066C972174A /* ConfigureDefaultsView.swift */,
				88DF8AB6AC47AD0653B444B0 /* ContentView.swift */,
				45DD6621139B9298618E56EA /* ConvexService.swift */,
				2E1DA8348C354E4F66E5B7D1 /* EditLogEntryView.swift */,
				77DC1A7D167FC4E8FE09E140 /* HomeView.swift */,
				3532F17A92FAED5DC7E54725 /* LiveActivityManager.swift */,
				A638D0863309D4978D04E0BF /* LogDrinkView.swift */,
				CDC5CFC80E88D27C379A4E4B /* LogEntryRow.swift */,
				8EA0B9A74998663E2DAFA317 /* Models.swift */,
				9CA015C1960D150A5D76CDBF /* NotificationDelegate.swift */,
				973B8EDEAE3005672BCEF80B /* OnboardingView.swift */,
				935936E649BD604A4CE91AE9 /* PresetsListView.swift */,
				3E796B5A65DE5B248AC81689 /* ReminderService.swift */,
				53A8D779693243412C74FBC7 /* SessionActivityAttributes.swift */,
				A2ABC15956027794D080920C /* SessionSummaryView.swift */,
				78F823B13F5C7298B4DAB9FE /* SettingsView.swift */,
				57FBFAFDFF394F0980B0F734 /* SignInView.swift */,
				86FD0E22BE61C14F7AB19AB3 /* SyncService.swift */,
				E839C4D0AD536E0E1D896D65 /* SyncStatusIndicator.swift */,
				906BD1A774E97749D07DDAF4 /* WatchConnectivityManager.swift */,
				5FC30BDE82B26B39B8C89DD2 /* WaterlineApp.swift */,
			);
			path = Waterline;
			sourceTree = "<group>";
		};
		B9039EB44F521C68D9F1AF78 /* WaterlineIntents */ = {
			isa = PBXGroup;
			children = (
				49CAAE331B1C2B905EFF4298 /* EndSessionIntent.swift */,
				F65E115F53D7E81EF8D6E11D /* LogDrinkIntent.swift */,
				6BDDD8FA063EC599A155B751 /* LogWaterIntent.swift */,
				87DCE88C6292B27573A78D0B /* StartSessionIntent.swift */,
				8A2992B9C6826265599D1711 /* WaterlineIntentsExtension.swift */,
			);
			path = WaterlineIntents;
			sourceTree = "<group>";
		};
/* End PBXGroup section */

/* Begin PBXNativeTarget section */
		05333D2E24F393C852FD5049 /* Waterline */ = {
			isa = PBXNativeTarget;
			buildConfigurationList = F7447D2AA5ACC64A0FC4CFFB /* Build configuration list for PBXNativeTarget "Waterline" */;
			buildPhases = (
				31F1B2331372D8E49BF23B7D /* Sources */,
				92DF9A0F4D071CCC3BD1A837 /* Resources */,
				F30D1E660C7F917802DFB8C9 /* Embed Foundation Extensions */,
				11BAB312FAD1E42C7B1B79DD /* Embed ExtensionKit Extensions */,
			);
			buildRules = (
			);
			dependencies = (
				19AB92B676DDBCC6E719F97B /* PBXTargetDependency */,
				00A847354E814F03383B169D /* PBXTargetDependency */,
			);
			name = Waterline;
			packageProductDependencies = (
			);
			productName = Waterline;
			productReference = 609853B3566C2388A9C96F4F /* Waterline.app */;
			productType = "com.apple.product-type.application";
		};
		339CC83936A6F6A83638DFBF /* WaterlineWidgets */ = {
			isa = PBXNativeTarget;
			buildConfigurationList = B1572A8EC935B050B05FA0B3 /* Build configuration list for PBXNativeTarget "WaterlineWidgets" */;
			buildPhases = (
				6B17E8C8F4CF58F6658DF634 /* Sources */,
				9BCC569A4930E5C8C0B805C7 /* Resources */,
			);
			buildRules = (
			);
			dependencies = (
			);
			name = WaterlineWidgets;
			packageProductDependencies = (
			);
			productName = WaterlineWidgets;
			productReference = 6DCD502EFF5665453A864235 /* WaterlineWidgets.appex */;
			productType = "com.apple.product-type.app-extension";
		};
		34A1BE8D2D1B2D00717B8F24 /* WaterlineWatch */ = {
			isa = PBXNativeTarget;
			buildConfigurationList = 78E4DCB96C6A55B94A1D6B82 /* Build configuration list for PBXNativeTarget "WaterlineWatch" */;
			buildPhases = (
				CB73AEB6C09318A626186A32 /* Sources */,
				20B1D9922A0F904E83F09306 /* Resources */,
			);
			buildRules = (
			);
			dependencies = (
			);
			name = WaterlineWatch;
			packageProductDependencies = (
			);
			productName = WaterlineWatch;
			productReference = 3A047B8CE97B53FC6DC12BA0 /* WaterlineWatch.app */;
			productType = "com.apple.product-type.application";
		};
		69A568D048129E847FBB2B81 /* WaterlineIntents */ = {
			isa = PBXNativeTarget;
			buildConfigurationList = 9DC867310420BC713533F6F5 /* Build configuration list for PBXNativeTarget "WaterlineIntents" */;
			buildPhases = (
				E3028FDFF0DAC6B8BAFDF59E /* Sources */,
			);
			buildRules = (
			);
			dependencies = (
			);
			name = WaterlineIntents;
			packageProductDependencies = (
			);
			productName = WaterlineIntents;
			productReference = DB25235E71F78A8696A30094 /* WaterlineIntents.appex */;
			productType = "com.apple.product-type.extensionkit-extension";
		};
/* End PBXNativeTarget section */

/* Begin PBXProject section */
		121E5DB97AB2AAC1888D7AFC /* Project object */ = {
			isa = PBXProject;
			attributes = {
				BuildIndependentTargetsInParallel = YES;
				LastUpgradeCheck = 1430;
			};
			buildConfigurationList = EC3F480CBAB7397785F3C06B /* Build configuration list for PBXProject "Waterline" */;
			compatibilityVersion = "Xcode 14.0";
			developmentRegion = en;
			hasScannedForEncodings = 0;
			knownRegions = (
				Base,
				en,
			);
			mainGroup = 40E660A8BCCD64E35883D40C;
			minimizedProjectReferenceProxies = 1;
			preferredProjectObjectVersion = 77;
			projectDirPath = "";
			projectRoot = "";
			targets = (
				05333D2E24F393C852FD5049 /* Waterline */,
				69A568D048129E847FBB2B81 /* WaterlineIntents */,
				34A1BE8D2D1B2D00717B8F24 /* WaterlineWatch */,
				339CC83936A6F6A83638DFBF /* WaterlineWidgets */,
			);
		};
/* End PBXProject section */

/* Begin PBXResourcesBuildPhase section */
		20B1D9922A0F904E83F09306 /* Resources */ = {
			isa = PBXResourcesBuildPhase;
			buildActionMask = 2147483647;
			files = (
				B36260921FBACB5DFF6526B7 /* Assets.xcassets in Resources */,
			);
			runOnlyForDeploymentPostprocessing = 0;
		};
		92DF9A0F4D071CCC3BD1A837 /* Resources */ = {
			isa = PBXResourcesBuildPhase;
			buildActionMask = 2147483647;
			files = (
				70B8A77FF1B88F6966D18B92 /* Assets.xcassets in Resources */,
			);
			runOnlyForDeploymentPostprocessing = 0;
		};
		9BCC569A4930E5C8C0B805C7 /* Resources */ = {
			isa = PBXResourcesBuildPhase;
			buildActionMask = 2147483647;
			files = (
				0CF2000AC8E46EB7B1B99BDB /* Assets.xcassets in Resources */,
			);
			runOnlyForDeploymentPostprocessing = 0;
		};
/* End PBXResourcesBuildPhase section */

/* Begin PBXSourcesBuildPhase section */
		31F1B2331372D8E49BF23B7D /* Sources */ = {
			isa = PBXSourcesBuildPhase;
			buildActionMask = 2147483647;
			files = (
				FFE0AC7B95BD7285FC10703D /* ActiveSessionView.swift in Sources */,
				7BB79C6221244D12C13139D3 /* AddEditPresetView.swift in Sources */,
				C98E5F7B760FE0E56AE8A771 /* AuthenticationManager.swift in Sources */,
				0D5F8C352CB2A1A3A4FD062C /* ConfigureDefaultsView.swift in Sources */,
				2445BC13687D271CED595BF4 /* ContentView.swift in Sources */,
				DEA443AEC286FA3E2B0AD169 /* ConvexService.swift in Sources */,
				44C3491CC911D09054395C9A /* EditLogEntryView.swift in Sources */,
				0AA821402CE618218EF32298 /* HomeView.swift in Sources */,
				14560B2564BA3CE89605D8CF /* LiveActivityManager.swift in Sources */,
				EC20CBDEBBBF4150EDC45E0B /* LogDrinkView.swift in Sources */,
				359843854A298871D80AFCBB /* LogEntryRow.swift in Sources */,
				54C1DE29AA70EFA3427E6BD2 /* Models.swift in Sources */,
				9FCE55ED3DB5808DBA2210DF /* NotificationDelegate.swift in Sources */,
				81640489E75D021E0B5E9D8C /* OnboardingView.swift in Sources */,
				2F6990F23649351059756437 /* PresetsListView.swift in Sources */,
				E229B83E609A72A4FAFC660E /* ReminderService.swift in Sources */,
				1DDE138F8649F63F94D334C6 /* SessionActivityAttributes.swift in Sources */,
				8E882A2F61FB14D84DAD6CBB /* SessionSummaryView.swift in Sources */,
				89D8DF0D21E0216154E85E93 /* SettingsView.swift in Sources */,
				7518B5E3329AF18C9216A0DB /* SignInView.swift in Sources */,
				68750563424307566492ED8B /* SyncService.swift in Sources */,
				C9708B583690A2E40D290891 /* SyncStatusIndicator.swift in Sources */,
				702F765B8D1E94D08E499BD9 /* WatchConnectivityManager.swift in Sources */,
				35E1247D74602F7B8A7D4E89 /* WaterlineApp.swift in Sources */,
			);
			runOnlyForDeploymentPostprocessing = 0;
		};
		6B17E8C8F4CF58F6658DF634 /* Sources */ = {
			isa = PBXSourcesBuildPhase;
			buildActionMask = 2147483647;
			files = (
				FE61A7E1F3AFC5AB850D65CC /* EndSessionIntent.swift in Sources */,
				722A6363D11FAC6774E51D4B /* LogDrinkIntent.swift in Sources */,
				F1F41C1A1A74EEAEF2042AD0 /* LogWaterIntent.swift in Sources */,
				A3D08E12CD248F2FC093B8D7 /* Models.swift in Sources */,
				82C6F28D49ED9F5505491E90 /* SessionActivityAttributes.swift in Sources */,
				1F3B5EF6D04AB2044CBEF4CA /* SessionLiveActivity.swift in Sources */,
				3E6316525407024549C49BAC /* StartSessionIntent.swift in Sources */,
				CCA846A88E58371F54278E2D /* WaterlineTimelineProvider.swift in Sources */,
				2242C6E17B5696CA8415D967 /* WaterlineWidgets.swift in Sources */,
			);
			runOnlyForDeploymentPostprocessing = 0;
		};
		CB73AEB6C09318A626186A32 /* Sources */ = {
			isa = PBXSourcesBuildPhase;
			buildActionMask = 2147483647;
			files = (
				AD0B4F626EBA7DB56047EB45 /* WatchContentView.swift in Sources */,
				D0C3B3842739EB953AF2376F /* WatchSessionManager.swift in Sources */,
				DEBE12ED2E07D31569DCB47F /* WaterlineWatchApp.swift in Sources */,
			);
			runOnlyForDeploymentPostprocessing = 0;
		};
		E3028FDFF0DAC6B8BAFDF59E /* Sources */ = {
			isa = PBXSourcesBuildPhase;
			buildActionMask = 2147483647;
			files = (
				B439A86CAD1820627AA935E5 /* EndSessionIntent.swift in Sources */,
				AF6C2F792A80AF0F72F13557 /* LogDrinkIntent.swift in Sources */,
				FC3EA435F79AF6789E1C7DEA /* LogWaterIntent.swift in Sources */,
				F5E87208627E199832A926AE /* Models.swift in Sources */,
				53ADDC4EC5CE9614BA08F652 /* SessionActivityAttributes.swift in Sources */,
				F7EEAA3D8478D94245E4B3B7 /* StartSessionIntent.swift in Sources */,
				349E4803DA753D20A5770F6F /* WaterlineIntentsExtension.swift in Sources */,
			);
			runOnlyForDeploymentPostprocessing = 0;
		};
/* End PBXSourcesBuildPhase section */

/* Begin PBXTargetDependency section */
		00A847354E814F03383B169D /* PBXTargetDependency */ = {
			isa = PBXTargetDependency;
			target = 69A568D048129E847FBB2B81 /* WaterlineIntents */;
			targetProxy = 2FB25B7F91A67267D419CC37 /* PBXContainerItemProxy */;
		};
		19AB92B676DDBCC6E719F97B /* PBXTargetDependency */ = {
			isa = PBXTargetDependency;
			target = 339CC83936A6F6A83638DFBF /* WaterlineWidgets */;
			targetProxy = ABC1943A06413A11295E5879 /* PBXContainerItemProxy */;
		};
/* End PBXTargetDependency section */

/* Begin XCBuildConfiguration section */
		0353EC3BDADCD0B1AD7FB282 /* Debug */ = {
			isa = XCBuildConfiguration;
			buildSettings = {
				INFOPLIST_FILE = WaterlineIntents/Info.plist;
				LD_RUNPATH_SEARCH_PATHS = (
					"$(inherited)",
					"@executable_path/Frameworks",
				);
				PRODUCT_BUNDLE_IDENTIFIER = com.waterline.app.intents;
				SDKROOT = iphoneos;
				SWIFT_EMIT_LOC_STRINGS = YES;
				TARGETED_DEVICE_FAMILY = "1,2";
			};
			name = Debug;
		};
		15C12C7128606B8E1EB7D357 /* Debug */ = {
			isa = XCBuildConfiguration;
			buildSettings = {
				ASSETCATALOG_COMPILER_APPICON_NAME = AppIcon;
				CODE_SIGN_IDENTITY = "iPhone Developer";
				CURRENT_PROJECT_VERSION = 1;
				GENERATE_INFOPLIST_FILE = YES;
				INFOPLIST_KEY_NSSupportsLiveActivities = YES;
				LD_RUNPATH_SEARCH_PATHS = (
					"$(inherited)",
					"@executable_path/Frameworks",
				);
				MARKETING_VERSION = 1.0.0;
				PRODUCT_BUNDLE_IDENTIFIER = com.waterline.app;
				SDKROOT = iphoneos;
				SWIFT_EMIT_LOC_STRINGS = YES;
				TARGETED_DEVICE_FAMILY = "1,2";
			};
			name = Debug;
		};
		38DE0E6823774C9D884C332C /* Release */ = {
			isa = XCBuildConfiguration;
			buildSettings = {
				ASSETCATALOG_COMPILER_APPICON_NAME = AppIcon;
				CODE_SIGN_IDENTITY = "iPhone Developer";
				CURRENT_PROJECT_VERSION = 1;
				GENERATE_INFOPLIST_FILE = YES;
				INFOPLIST_KEY_NSSupportsLiveActivities = YES;
				LD_RUNPATH_SEARCH_PATHS = (
					"$(inherited)",
					"@executable_path/Frameworks",
				);
				MARKETING_VERSION = 1.0.0;
				PRODUCT_BUNDLE_IDENTIFIER = com.waterline.app;
				SDKROOT = iphoneos;
				SWIFT_EMIT_LOC_STRINGS = YES;
				TARGETED_DEVICE_FAMILY = "1,2";
			};
			name = Release;
		};
		75FA148D310AD9939922894E /* Release */ = {
			isa = XCBuildConfiguration;
			buildSettings = {
				INFOPLIST_FILE = WaterlineWidgets/Info.plist;
				LD_RUNPATH_SEARCH_PATHS = (
					"$(inherited)",
					"@executable_path/Frameworks",
					"@executable_path/../../Frameworks",
				);
				PRODUCT_BUNDLE_IDENTIFIER = com.waterline.app.widgets;
				SDKROOT = iphoneos;
				SWIFT_EMIT_LOC_STRINGS = YES;
				TARGETED_DEVICE_FAMILY = "1,2";
			};
			name = Release;
		};
		812D991B4CCF36FC0C385715 /* Release */ = {
			isa = XCBuildConfiguration;
			buildSettings = {
				ASSETCATALOG_COMPILER_APPICON_NAME = AppIcon;
				CURRENT_PROJECT_VERSION = 1;
				GENERATE_INFOPLIST_FILE = YES;
				MARKETING_VERSION = 1.0.0;
				PRODUCT_BUNDLE_IDENTIFIER = com.waterline.app.watchkitapp;
				SDKROOT = watchos;
				SKIP_INSTALL = YES;
				SWIFT_EMIT_LOC_STRINGS = YES;
				TARGETED_DEVICE_FAMILY = 4;
			};
			name = Release;
		};
		91AA1351401C0E1A0611F752 /* Debug */ = {
			isa = XCBuildConfiguration;
			buildSettings = {
				INFOPLIST_FILE = WaterlineWidgets/Info.plist;
				LD_RUNPATH_SEARCH_PATHS = (
					"$(inherited)",
					"@executable_path/Frameworks",
					"@executable_path/../../Frameworks",
				);
				PRODUCT_BUNDLE_IDENTIFIER = com.waterline.app.widgets;
				SDKROOT = iphoneos;
				SWIFT_EMIT_LOC_STRINGS = YES;
				TARGETED_DEVICE_FAMILY = "1,2";
			};
			name = Debug;
		};
		B6625D8DD52CBDF4E21529D1 /* Debug */ = {
			isa = XCBuildConfiguration;
			buildSettings = {
				ALWAYS_SEARCH_USER_PATHS = NO;
				CLANG_ANALYZER_NONNULL = YES;
				CLANG_ANALYZER_NUMBER_OBJECT_CONVERSION = YES_AGGRESSIVE;
				CLANG_CXX_LANGUAGE_STANDARD = "gnu++14";
				CLANG_CXX_LIBRARY = "libc++";
				CLANG_ENABLE_MODULES = YES;
				CLANG_ENABLE_OBJC_ARC = YES;
				CLANG_ENABLE_OBJC_WEAK = YES;
				CLANG_WARN_BLOCK_CAPTURE_AUTORELEASING = YES;
				CLANG_WARN_BOOL_CONVERSION = YES;
				CLANG_WARN_COMMA = YES;
				CLANG_WARN_CONSTANT_CONVERSION = YES;
				CLANG_WARN_DEPRECATED_OBJC_IMPLEMENTATIONS = YES;
				CLANG_WARN_DIRECT_OBJC_ISA_USAGE = YES_ERROR;
				CLANG_WARN_DOCUMENTATION_COMMENTS = YES;
				CLANG_WARN_EMPTY_BODY = YES;
				CLANG_WARN_ENUM_CONVERSION = YES;
				CLANG_WARN_INFINITE_RECURSION = YES;
				CLANG_WARN_INT_CONVERSION = YES;
				CLANG_WARN_NON_LITERAL_NULL_CONVERSION = YES;
				CLANG_WARN_OBJC_IMPLICIT_RETAIN_SELF = YES;
				CLANG_WARN_OBJC_LITERAL_CONVERSION = YES;
				CLANG_WARN_OBJC_ROOT_CLASS = YES_ERROR;
				CLANG_WARN_QUOTED_INCLUDE_IN_FRAMEWORK_HEADER = YES;
				CLANG_WARN_RANGE_LOOP_ANALYSIS = YES;
				CLANG_WARN_STRICT_PROTOTYPES = YES;
				CLANG_WARN_SUSPICIOUS_MOVE = YES;
				CLANG_WARN_UNGUARDED_AVAILABILITY = YES_AGGRESSIVE;
				CLANG_WARN_UNREACHABLE_CODE = YES;
				CLANG_WARN__DUPLICATE_METHOD_MATCH = YES;
				CODE_SIGNING_ALLOWED = NO;
				CODE_SIGNING_REQUIRED = NO;
				CODE_SIGN_IDENTITY = "-";
				COPY_PHASE_STRIP = NO;
				DEBUG_INFORMATION_FORMAT = dwarf;
				ENABLE_STRICT_OBJC_MSGSEND = YES;
				ENABLE_TESTABILITY = YES;
				GCC_C_LANGUAGE_STANDARD = gnu11;
				GCC_DYNAMIC_NO_PIC = NO;
				GCC_NO_COMMON_BLOCKS = YES;
				GCC_OPTIMIZATION_LEVEL = 0;
				GCC_PREPROCESSOR_DEFINITIONS = (
					"$(inherited)",
					"DEBUG=1",
				);
				GCC_WARN_64_TO_32_BIT_CONVERSION = YES;
				GCC_WARN_ABOUT_RETURN_TYPE = YES_ERROR;
				GCC_WARN_UNDECLARED_SELECTOR = YES;
				GCC_WARN_UNINITIALIZED_AUTOS = YES_AGGRESSIVE;
				GCC_WARN_UNUSED_FUNCTION = YES;
				GCC_WARN_UNUSED_VARIABLE = YES;
				IPHONEOS_DEPLOYMENT_TARGET = 17.0;
				MTL_ENABLE_DEBUG_INFO = INCLUDE_SOURCE;
				MTL_FAST_MATH = YES;
				ONLY_ACTIVE_ARCH = YES;
				PRODUCT_NAME = "$(TARGET_NAME)";
				SWIFT_ACTIVE_COMPILATION_CONDITIONS = DEBUG;
				SWIFT_OPTIMIZATION_LEVEL = "-Onone";
				SWIFT_VERSION = 6.0;
				WATCHOS_DEPLOYMENT_TARGET = 10.0;
			};
			name = Debug;
		};
		C0A9D2A5A45D219C9E53B3C5 /* Debug */ = {
			isa = XCBuildConfiguration;
			buildSettings = {
				ASSETCATALOG_COMPILER_APPICON_NAME = AppIcon;
				CURRENT_PROJECT_VERSION = 1;
				GENERATE_INFOPLIST_FILE = YES;
				MARKETING_VERSION = 1.0.0;
				PRODUCT_BUNDLE_IDENTIFIER = com.waterline.app.watchkitapp;
				SDKROOT = watchos;
				SKIP_INSTALL = YES;
				SWIFT_EMIT_LOC_STRINGS = YES;
				TARGETED_DEVICE_FAMILY = 4;
			};
			name = Debug;
		};
		C826DA7F15AF7FDB07F51CAC /* Release */ = {
			isa = XCBuildConfiguration;
			buildSettings = {
				ALWAYS_SEARCH_USER_PATHS = NO;
				CLANG_ANALYZER_NONNULL = YES;
				CLANG_ANALYZER_NUMBER_OBJECT_CONVERSION = YES_AGGRESSIVE;
				CLANG_CXX_LANGUAGE_STANDARD = "gnu++14";
				CLANG_CXX_LIBRARY = "libc++";
				CLANG_ENABLE_MODULES = YES;
				CLANG_ENABLE_OBJC_ARC = YES;
				CLANG_ENABLE_OBJC_WEAK = YES;
				CLANG_WARN_BLOCK_CAPTURE_AUTORELEASING = YES;
				CLANG_WARN_BOOL_CONVERSION = YES;
				CLANG_WARN_COMMA = YES;
				CLANG_WARN_CONSTANT_CONVERSION = YES;
				CLANG_WARN_DEPRECATED_OBJC_IMPLEMENTATIONS = YES;
				CLANG_WARN_DIRECT_OBJC_ISA_USAGE = YES_ERROR;
				CLANG_WARN_DOCUMENTATION_COMMENTS = YES;
				CLANG_WARN_EMPTY_BODY = YES;
				CLANG_WARN_ENUM_CONVERSION = YES;
				CLANG_WARN_INFINITE_RECURSION = YES;
				CLANG_WARN_INT_CONVERSION = YES;
				CLANG_WARN_NON_LITERAL_NULL_CONVERSION = YES;
				CLANG_WARN_OBJC_IMPLICIT_RETAIN_SELF = YES;
				CLANG_WARN_OBJC_LITERAL_CONVERSION = YES;
				CLANG_WARN_OBJC_ROOT_CLASS = YES_ERROR;
				CLANG_WARN_QUOTED_INCLUDE_IN_FRAMEWORK_HEADER = YES;
				CLANG_WARN_RANGE_LOOP_ANALYSIS = YES;
				CLANG_WARN_STRICT_PROTOTYPES = YES;
				CLANG_WARN_SUSPICIOUS_MOVE = YES;
				CLANG_WARN_UNGUARDED_AVAILABILITY = YES_AGGRESSIVE;
				CLANG_WARN_UNREACHABLE_CODE = YES;
				CLANG_WARN__DUPLICATE_METHOD_MATCH = YES;
				CODE_SIGNING_ALLOWED = NO;
				CODE_SIGNING_REQUIRED = NO;
				CODE_SIGN_IDENTITY = "-";
				COPY_PHASE_STRIP = NO;
				DEBUG_INFORMATION_FORMAT = "dwarf-with-dsym";
				ENABLE_NS_ASSERTIONS = NO;
				ENABLE_STRICT_OBJC_MSGSEND = YES;
				GCC_C_LANGUAGE_STANDARD = gnu11;
				GCC_NO_COMMON_BLOCKS = YES;
				GCC_WARN_64_TO_32_BIT_CONVERSION = YES;
				GCC_WARN_ABOUT_RETURN_TYPE = YES_ERROR;
				GCC_WARN_UNDECLARED_SELECTOR = YES;
				GCC_WARN_UNINITIALIZED_AUTOS = YES_AGGRESSIVE;
				GCC_WARN_UNUSED_FUNCTION = YES;
				GCC_WARN_UNUSED_VARIABLE = YES;
				IPHONEOS_DEPLOYMENT_TARGET = 17.0;
				MTL_ENABLE_DEBUG_INFO = NO;
				MTL_FAST_MATH = YES;
				PRODUCT_NAME = "$(TARGET_NAME)";
				SWIFT_COMPILATION_MODE = wholemodule;
				SWIFT_OPTIMIZATION_LEVEL = "-O";
				SWIFT_VERSION = 6.0;
				WATCHOS_DEPLOYMENT_TARGET = 10.0;
			};
			name = Release;
		};
		FFDCA6C8B2CE6FCDE195A3BE /* Release */ = {
			isa = XCBuildConfiguration;
			buildSettings = {
				INFOPLIST_FILE = WaterlineIntents/Info.plist;
				LD_RUNPATH_SEARCH_PATHS = (
					"$(inherited)",
					"@executable_path/Frameworks",
				);
				PRODUCT_BUNDLE_IDENTIFIER = com.waterline.app.intents;
				SDKROOT = iphoneos;
				SWIFT_EMIT_LOC_STRINGS = YES;
				TARGETED_DEVICE_FAMILY = "1,2";
			};
			name = Release;
		};
/* End XCBuildConfiguration section */

/* Begin XCConfigurationList section */
		78E4DCB96C6A55B94A1D6B82 /* Build configuration list for PBXNativeTarget "WaterlineWatch" */ = {
			isa = XCConfigurationList;
			buildConfigurations = (
				C0A9D2A5A45D219C9E53B3C5 /* Debug */,
				812D991B4CCF36FC0C385715 /* Release */,
			);
			defaultConfigurationIsVisible = 0;
			defaultConfigurationName = Debug;
		};
		9DC867310420BC713533F6F5 /* Build configuration list for PBXNativeTarget "WaterlineIntents" */ = {
			isa = XCConfigurationList;
			buildConfigurations = (
				0353EC3BDADCD0B1AD7FB282 /* Debug */,
				FFDCA6C8B2CE6FCDE195A3BE /* Release */,
			);
			defaultConfigurationIsVisible = 0;
			defaultConfigurationName = Debug;
		};
		B1572A8EC935B050B05FA0B3 /* Build configuration list for PBXNativeTarget "WaterlineWidgets" */ = {
			isa = XCConfigurationList;
			buildConfigurations = (
				91AA1351401C0E1A0611F752 /* Debug */,
				75FA148D310AD9939922894E /* Release */,
			);
			defaultConfigurationIsVisible = 0;
			defaultConfigurationName = Debug;
		};
		EC3F480CBAB7397785F3C06B /* Build configuration list for PBXProject "Waterline" */ = {
			isa = XCConfigurationList;
			buildConfigurations = (
				B6625D8DD52CBDF4E21529D1 /* Debug */,
				C826DA7F15AF7FDB07F51CAC /* Release */,
			);
			defaultConfigurationIsVisible = 0;
			defaultConfigurationName = Debug;
		};
		F7447D2AA5ACC64A0FC4CFFB /* Build configuration list for PBXNativeTarget "Waterline" */ = {
			isa = XCConfigurationList;
			buildConfigurations = (
				15C12C7128606B8E1EB7D357 /* Debug */,
				38DE0E6823774C9D884C332C /* Release */,
			);
			defaultConfigurationIsVisible = 0;
			defaultConfigurationName = Debug;
		};
/* End XCConfigurationList section */
	};
	rootObject = 121E5DB97AB2AAC1888D7AFC /* Project object */;
}
