// !$*UTF8*$!
{
	archiveVersion = 1;
	classes = {
	};
	objectVersion = 77;
	objects = {

/* Begin PBXBuildFile section */
		0CF2000AC8E46EB7B1B99BDB /* Assets.xcassets in Resources */ = {isa = PBXBuildFile; fileRef = 45E1ECA5868A954E9047FD8A /* Assets.xcassets */; };
		2242C6E17B5696CA8415D967 /* WaterlineWidgets.swift in Sources */ = {isa = PBXBuildFile; fileRef = 9B8651BE0BE124C8A594A229 /* WaterlineWidgets.swift */; };
		2445BC13687D271CED595BF4 /* ContentView.swift in Sources */ = {isa = PBXBuildFile; fileRef = 88DF8AB6AC47AD0653B444B0 /* ContentView.swift */; };
		25E077EA8883369CA510198E /* WaterlineTests.swift in Sources */ = {isa = PBXBuildFile; fileRef = FE4BCF3199C5997EEF39BD43 /* WaterlineTests.swift */; };
		349E4803DA753D20A5770F6F /* WaterlineIntentsExtension.swift in Sources */ = {isa = PBXBuildFile; fileRef = 8A2992B9C6826265599D1711 /* WaterlineIntentsExtension.swift */; };
		35E1247D74602F7B8A7D4E89 /* WaterlineApp.swift in Sources */ = {isa = PBXBuildFile; fileRef = 5FC30BDE82B26B39B8C89DD2 /* WaterlineApp.swift */; };
		54C1DE29AA70EFA3427E6BD2 /* Models.swift in Sources */ = {isa = PBXBuildFile; fileRef = 8EA0B9A74998663E2DAFA317 /* Models.swift */; };
		6CB136EE0438C01404E1F142 /* WaterlineWidgets.appex in Embed Foundation Extensions */ = {isa = PBXBuildFile; fileRef = 6DCD502EFF5665453A864235 /* WaterlineWidgets.appex */; settings = {ATTRIBUTES = (RemoveHeadersOnCopy, ); }; };
		70B8A77FF1B88F6966D18B92 /* Assets.xcassets in Resources */ = {isa = PBXBuildFile; fileRef = 7660566AFF2B39C183B54857 /* Assets.xcassets */; };
		7518B5E3329AF18C9216A0DB /* SignInView.swift in Sources */ = {isa = PBXBuildFile; fileRef = 57FBFAFDFF394F0980B0F734 /* SignInView.swift */; };
		81640489E75D021E0B5E9D8C /* OnboardingView.swift in Sources */ = {isa = PBXBuildFile; fileRef = 973B8EDEAE3005672BCEF80B /* OnboardingView.swift */; };
		AD0B4F626EBA7DB56047EB45 /* WatchContentView.swift in Sources */ = {isa = PBXBuildFile; fileRef = 20FA07103593D917FC1FECDE /* WatchContentView.swift */; };
		AF6C2F792A80AF0F72F13557 /* LogDrinkIntent.swift in Sources */ = {isa = PBXBuildFile; fileRef = F65E115F53D7E81EF8D6E11D /* LogDrinkIntent.swift */; };
		B36260921FBACB5DFF6526B7 /* Assets.xcassets in Resources */ = {isa = PBXBuildFile; fileRef = AADF82E897611F993792D175 /* Assets.xcassets */; };
		C98E5F7B760FE0E56AE8A771 /* AuthenticationManager.swift in Sources */ = {isa = PBXBuildFile; fileRef = 98D15AF08F7CE9A78C8D88B2 /* AuthenticationManager.swift */; };
		CCA846A88E58371F54278E2D /* WaterlineTimelineProvider.swift in Sources */ = {isa = PBXBuildFile; fileRef = 06EDBC77D401C88FBD318B11 /* WaterlineTimelineProvider.swift */; };
		DEA443AEC286FA3E2B0AD169 /* ConvexService.swift in Sources */ = {isa = PBXBuildFile; fileRef = 45DD6621139B9298618E56EA /* ConvexService.swift */; };
		DEBE12ED2E07D31569DCB47F /* WaterlineWatchApp.swift in Sources */ = {isa = PBXBuildFile; fileRef = CC636F72ED3688D8416E2274 /* WaterlineWatchApp.swift */; };
		F3ADDEB8A5D1D4374199FBB9 /* WaterlineIntents.appex in Embed ExtensionKit Extensions */ = {isa = PBXBuildFile; fileRef = DB25235E71F78A8696A30094 /* WaterlineIntents.appex */; settings = {ATTRIBUTES = (RemoveHeadersOnCopy, ); }; };
		FC3EA435F79AF6789E1C7DEA /* LogWaterIntent.swift in Sources */ = {isa = PBXBuildFile; fileRef = 6BDDD8FA063EC599A155B751 /* LogWaterIntent.swift */; };
/* End PBXBuildFile section */

/* Begin PBXContainerItemProxy section */
		2FB25B7F91A67267D419CC37 /* PBXContainerItemProxy */ = {
			isa = PBXContainerItemProxy;
			containerPortal = 121E5DB97AB2AAC1888D7AFC /* Project object */;
			proxyType = 1;
			remoteGlobalIDString = 69A568D048129E847FBB2B81;
			remoteInfo = WaterlineIntents;
		};
		ABC1943A06413A11295E5879 /* PBXContainerItemProxy */ = {
			isa = PBXContainerItemProxy;
			containerPortal = 121E5DB97AB2AAC1888D7AFC /* Project object */;
			proxyType = 1;
			remoteGlobalIDString = 339CC83936A6F6A83638DFBF;
			remoteInfo = WaterlineWidgets;
		};
		E1FFB4B322EA81218E0DB92B /* PBXContainerItemProxy */ = {
			isa = PBXContainerItemProxy;
			containerPortal = 121E5DB97AB2AAC1888D7AFC /* Project object */;
			proxyType = 1;
			remoteGlobalIDString = 05333D2E24F393C852FD5049;
			remoteInfo = Waterline;
		};
/* End PBXContainerItemProxy section */

/* Begin PBXCopyFilesBuildPhase section */
		11BAB312FAD1E42C7B1B79DD /* Embed ExtensionKit Extensions */ = {
			isa = PBXCopyFilesBuildPhase;
			buildActionMask = 2147483647;
			dstPath = "$(EXTENSIONS_FOLDER_PATH)";
			dstSubfolderSpec = 16;
			files = (
				F3ADDEB8A5D1D4374199FBB9 /* WaterlineIntents.appex in Embed ExtensionKit Extensions */,
			);
			name = "Embed ExtensionKit Extensions";
			runOnlyForDeploymentPostprocessing = 0;
		};
		F30D1E660C7F917802DFB8C9 /* Embed Foundation Extensions */ = {
			isa = PBXCopyFilesBuildPhase;
			buildActionMask = 2147483647;
			dstPath = "";
			dstSubfolderSpec = 13;
			files = (
				6CB136EE0438C01404E1F142 /* WaterlineWidgets.appex in Embed Foundation Extensions */,
			);
			name = "Embed Foundation Extensions";
			runOnlyForDeploymentPostprocessing = 0;
		};
/* End PBXCopyFilesBuildPhase section */

/* Begin PBXFileReference section */
		06EDBC77D401C88FBD318B11 /* WaterlineTimelineProvider.swift */ = {isa = PBXFileReference; lastKnownFileType = sourcecode.swift; path = WaterlineTimelineProvider.swift; sourceTree = "<group>"; };
		20FA07103593D917FC1FECDE /* WatchContentView.swift */ = {isa = PBXFileReference; lastKnownFileType = sourcecode.swift; path = WatchContentView.swift; sourceTree = "<group>"; };
		3A047B8CE97B53FC6DC12BA0 /* WaterlineWatch.app */ = {isa = PBXFileReference; explicitFileType = wrapper.application; includeInIndex = 0; path = WaterlineWatch.app; sourceTree = BUILT_PRODUCTS_DIR; };
		45DD6621139B9298618E56EA /* ConvexService.swift */ = {isa = PBXFileReference; lastKnownFileType = sourcecode.swift; path = ConvexService.swift; sourceTree = "<group>"; };
		45E1ECA5868A954E9047FD8A /* Assets.xcassets */ = {isa = PBXFileReference; lastKnownFileType = folder.assetcatalog; path = Assets.xcassets; sourceTree = "<group>"; };
		57FBFAFDFF394F0980B0F734 /* SignInView.swift */ = {isa = PBXFileReference; lastKnownFileType = sourcecode.swift; path = SignInView.swift; sourceTree = "<group>"; };
		5FC30BDE82B26B39B8C89DD2 /* WaterlineApp.swift */ = {isa = PBXFileReference; lastKnownFileType = sourcecode.swift; path = WaterlineApp.swift; sourceTree = "<group>"; };
		609853B3566C2388A9C96F4F /* Waterline.app */ = {isa = PBXFileReference; includeInIndex = 0; lastKnownFileType = wrapper.application; path = Waterline.app; sourceTree = BUILT_PRODUCTS_DIR; };
		6BDDD8FA063EC599A155B751 /* LogWaterIntent.swift */ = {isa = PBXFileReference; lastKnownFileType = sourcecode.swift; path = LogWaterIntent.swift; sourceTree = "<group>"; };
		6DCD502EFF5665453A864235 /* WaterlineWidgets.appex */ = {isa = PBXFileReference; includeInIndex = 0; lastKnownFileType = "wrapper.app-extension"; path = WaterlineWidgets.appex; sourceTree = BUILT_PRODUCTS_DIR; };
		7660566AFF2B39C183B54857 /* Assets.xcassets */ = {isa = PBXFileReference; lastKnownFileType = folder.assetcatalog; path = Assets.xcassets; sourceTree = "<group>"; };
		88DF8AB6AC47AD0653B444B0 /* ContentView.swift */ = {isa = PBXFileReference; lastKnownFileType = sourcecode.swift; path = ContentView.swift; sourceTree = "<group>"; };
		8A2992B9C6826265599D1711 /* WaterlineIntentsExtension.swift */ = {isa = PBXFileReference; lastKnownFileType = sourcecode.swift; path = WaterlineIntentsExtension.swift; sourceTree = "<group>"; };
		8EA0B9A74998663E2DAFA317 /* Models.swift */ = {isa = PBXFileReference; lastKnownFileType = sourcecode.swift; path = Models.swift; sourceTree = "<group>"; };
		973B8EDEAE3005672BCEF80B /* OnboardingView.swift */ = {isa = PBXFileReference; lastKnownFileType = sourcecode.swift; path = OnboardingView.swift; sourceTree = "<group>"; };
		98D15AF08F7CE9A78C8D88B2 /* AuthenticationManager.swift */ = {isa = PBXFileReference; lastKnownFileType = sourcecode.swift; path = AuthenticationManager.swift; sourceTree = "<group>"; };
		9B8651BE0BE124C8A594A229 /* WaterlineWidgets.swift */ = {isa = PBXFileReference; lastKnownFileType = sourcecode.swift; path = WaterlineWidgets.swift; sourceTree = "<group>"; };
		AADF82E897611F993792D175 /* Assets.xcassets */ = {isa = PBXFileReference; lastKnownFileType = folder.assetcatalog; path = Assets.xcassets; sourceTree = "<group>"; };
		CC636F72ED3688D8416E2274 /* WaterlineWatchApp.swift */ = {isa = PBXFileReference; lastKnownFileType = sourcecode.swift; path = WaterlineWatchApp.swift; sourceTree = "<group>"; };
		D65A523F73D7540E9F019EB9 /* WaterlineTests.xctest */ = {isa = PBXFileReference; includeInIndex = 0; lastKnownFileType = wrapper.cfbundle; path = WaterlineTests.xctest; sourceTree = BUILT_PRODUCTS_DIR; };
		DB25235E71F78A8696A30094 /* WaterlineIntents.appex */ = {isa = PBXFileReference; explicitFileType = "wrapper.extensionkit-extension"; includeInIndex = 0; path = WaterlineIntents.appex; sourceTree = BUILT_PRODUCTS_DIR; };
		F65E115F53D7E81EF8D6E11D /* LogDrinkIntent.swift */ = {isa = PBXFileReference; lastKnownFileType = sourcecode.swift; path = LogDrinkIntent.swift; sourceTree = "<group>"; };
		FE4BCF3199C5997EEF39BD43 /* WaterlineTests.swift */ = {isa = PBXFileReference; lastKnownFileType = sourcecode.swift; path = WaterlineTests.swift; sourceTree = "<group>"; };
/* End PBXFileReference section */

/* Begin PBXGroup section */
		38512FB29BCF4A8FD2AA8688 /* WaterlineWatch */ = {
			isa = PBXGroup;
			children = (
				AADF82E897611F993792D175 /* Assets.xcassets */,
				20FA07103593D917FC1FECDE /* WatchContentView.swift */,
				CC636F72ED3688D8416E2274 /* WaterlineWatchApp.swift */,
			);
			path = WaterlineWatch;
			sourceTree = "<group>";
		};
		40E660A8BCCD64E35883D40C = {
			isa = PBXGroup;
			children = (
				6D1F7F683548B2360B290401 /* Waterline */,
				B9039EB44F521C68D9F1AF78 /* WaterlineIntents */,
				5A0A3805E820003AA4D73CC7 /* WaterlineTests */,
				38512FB29BCF4A8FD2AA8688 /* WaterlineWatch */,
				545B629A17BC4D6A2786AB0F /* WaterlineWidgets */,
				6C7C8EA5F09690AAF50CC6E5 /* Products */,
			);
			sourceTree = "<group>";
		};
		545B629A17BC4D6A2786AB0F /* WaterlineWidgets */ = {
			isa = PBXGroup;
			children = (
				45E1ECA5868A954E9047FD8A /* Assets.xcassets */,
				06EDBC77D401C88FBD318B11 /* WaterlineTimelineProvider.swift */,
				9B8651BE0BE124C8A594A229 /* WaterlineWidgets.swift */,
			);
			path = WaterlineWidgets;
			sourceTree = "<group>";
		};
		5A0A3805E820003AA4D73CC7 /* WaterlineTests */ = {
			isa = PBXGroup;
			children = (
				FE4BCF3199C5997EEF39BD43 /* WaterlineTests.swift */,
			);
			path = WaterlineTests;
			sourceTree = "<group>";
		};
		6C7C8EA5F09690AAF50CC6E5 /* Products */ = {
			isa = PBXGroup;
			children = (
				609853B3566C2388A9C96F4F /* Waterline.app */,
				DB25235E71F78A8696A30094 /* WaterlineIntents.appex */,
				D65A523F73D7540E9F019EB9 /* WaterlineTests.xctest */,
				3A047B8CE97B53FC6DC12BA0 /* WaterlineWatch.app */,
				6DCD502EFF5665453A864235 /* WaterlineWidgets.appex */,
			);
			name = Products;
			sourceTree = "<group>";
		};
		6D1F7F683548B2360B290401 /* Waterline */ = {
			isa = PBXGroup;
			children = (
				7660566AFF2B39C183B54857 /* Assets.xcassets */,
				98D15AF08F7CE9A78C8D88B2 /* AuthenticationManager.swift */,
				88DF8AB6AC47AD0653B444B0 /* ContentView.swift */,
				45DD6621139B9298618E56EA /* ConvexService.swift */,
				8EA0B9A74998663E2DAFA317 /* Models.swift */,
				973B8EDEAE3005672BCEF80B /* OnboardingView.swift */,
				57FBFAFDFF394F0980B0F734 /* SignInView.swift */,
				5FC30BDE82B26B39B8C89DD2 /* WaterlineApp.swift */,
			);
			path = Waterline;
			sourceTree = "<group>";
		};
		B9039EB44F521C68D9F1AF78 /* WaterlineIntents */ = {
			isa = PBXGroup;
			children = (
				F65E115F53D7E81EF8D6E11D /* LogDrinkIntent.swift */,
				6BDDD8FA063EC599A155B751 /* LogWaterIntent.swift */,
				8A2992B9C6826265599D1711 /* WaterlineIntentsExtension.swift */,
			);
			path = WaterlineIntents;
			sourceTree = "<group>";
		};
/* End PBXGroup section */

/* Begin PBXNativeTarget section */
		05333D2E24F393C852FD5049 /* Waterline */ = {
			isa = PBXNativeTarget;
			buildConfigurationList = F7447D2AA5ACC64A0FC4CFFB /* Build configuration list for PBXNativeTarget "Waterline" */;
			buildPhases = (
				31F1B2331372D8E49BF23B7D /* Sources */,
				92DF9A0F4D071CCC3BD1A837 /* Resources */,
				F30D1E660C7F917802DFB8C9 /* Embed Foundation Extensions */,
				11BAB312FAD1E42C7B1B79DD /* Embed ExtensionKit Extensions */,
			);
			buildRules = (
			);
			dependencies = (
				19AB92B676DDBCC6E719F97B /* PBXTargetDependency */,
				00A847354E814F03383B169D /* PBXTargetDependency */,
			);
			name = Waterline;
			packageProductDependencies = (
			);
			productName = Waterline;
			productReference = 609853B3566C2388A9C96F4F /* Waterline.app */;
			productType = "com.apple.product-type.application";
		};
		339CC83936A6F6A83638DFBF /* WaterlineWidgets */ = {
			isa = PBXNativeTarget;
			buildConfigurationList = B1572A8EC935B050B05FA0B3 /* Build configuration list for PBXNativeTarget "WaterlineWidgets" */;
			buildPhases = (
				6B17E8C8F4CF58F6658DF634 /* Sources */,
				9BCC569A4930E5C8C0B805C7 /* Resources */,
			);
			buildRules = (
			);
			dependencies = (
			);
			name = WaterlineWidgets;
			packageProductDependencies = (
			);
			productName = WaterlineWidgets;
			productReference = 6DCD502EFF5665453A864235 /* WaterlineWidgets.appex */;
			productType = "com.apple.product-type.app-extension";
		};
		34A1BE8D2D1B2D00717B8F24 /* WaterlineWatch */ = {
			isa = PBXNativeTarget;
			buildConfigurationList = 78E4DCB96C6A55B94A1D6B82 /* Build configuration list for PBXNativeTarget "WaterlineWatch" */;
			buildPhases = (
				CB73AEB6C09318A626186A32 /* Sources */,
				20B1D9922A0F904E83F09306 /* Resources */,
			);
			buildRules = (
			);
			dependencies = (
			);
			name = WaterlineWatch;
			packageProductDependencies = (
			);
			productName = WaterlineWatch;
			productReference = 3A047B8CE97B53FC6DC12BA0 /* WaterlineWatch.app */;
			productType = "com.apple.product-type.application";
		};
		69A568D048129E847FBB2B81 /* WaterlineIntents */ = {
			isa = PBXNativeTarget;
			buildConfigurationList = 9DC867310420BC713533F6F5 /* Build configuration list for PBXNativeTarget "WaterlineIntents" */;
			buildPhases = (
				E3028FDFF0DAC6B8BAFDF59E /* Sources */,
			);
			buildRules = (
			);
			dependencies = (
			);
			name = WaterlineIntents;
			packageProductDependencies = (
			);
			productName = WaterlineIntents;
			productReference = DB25235E71F78A8696A30094 /* WaterlineIntents.appex */;
			productType = "com.apple.product-type.extensionkit-extension";
		};
		BD1CA9DBA3121E3D029CFD14 /* WaterlineTests */ = {
			isa = PBXNativeTarget;
			buildConfigurationList = 292BD68FF8BB351BF023CC8C /* Build configuration list for PBXNativeTarget "WaterlineTests" */;
			buildPhases = (
				44AA8BFB4918C5A1C5AFB287 /* Sources */,
			);
			buildRules = (
			);
			dependencies = (
				82B01910CC3D6EBA49576CE9 /* PBXTargetDependency */,
			);
			name = WaterlineTests;
			packageProductDependencies = (
			);
			productName = WaterlineTests;
			productReference = D65A523F73D7540E9F019EB9 /* WaterlineTests.xctest */;
			productType = "com.apple.product-type.bundle.unit-test";
		};
/* End PBXNativeTarget section */

/* Begin PBXProject section */
		121E5DB97AB2AAC1888D7AFC /* Project object */ = {
			isa = PBXProject;
			attributes = {
				BuildIndependentTargetsInParallel = YES;
				LastUpgradeCheck = 1430;
			};
			buildConfigurationList = EC3F480CBAB7397785F3C06B /* Build configuration list for PBXProject "Waterline" */;
			compatibilityVersion = "Xcode 14.0";
			developmentRegion = en;
			hasScannedForEncodings = 0;
			knownRegions = (
				Base,
				en,
			);
			mainGroup = 40E660A8BCCD64E35883D40C;
			minimizedProjectReferenceProxies = 1;
			preferredProjectObjectVersion = 77;
			projectDirPath = "";
			projectRoot = "";
			targets = (
				05333D2E24F393C852FD5049 /* Waterline */,
				69A568D048129E847FBB2B81 /* WaterlineIntents */,
				BD1CA9DBA3121E3D029CFD14 /* WaterlineTests */,
				34A1BE8D2D1B2D00717B8F24 /* WaterlineWatch */,
				339CC83936A6F6A83638DFBF /* WaterlineWidgets */,
			);
		};
/* End PBXProject section */

/* Begin PBXResourcesBuildPhase section */
		20B1D9922A0F904E83F09306 /* Resources */ = {
			isa = PBXResourcesBuildPhase;
			buildActionMask = 2147483647;
			files = (
				B36260921FBACB5DFF6526B7 /* Assets.xcassets in Resources */,
			);
			runOnlyForDeploymentPostprocessing = 0;
		};
		92DF9A0F4D071CCC3BD1A837 /* Resources */ = {
			isa = PBXResourcesBuildPhase;
			buildActionMask = 2147483647;
			files = (
				70B8A77FF1B88F6966D18B92 /* Assets.xcassets in Resources */,
			);
			runOnlyForDeploymentPostprocessing = 0;
		};
		9BCC569A4930E5C8C0B805C7 /* Resources */ = {
			isa = PBXResourcesBuildPhase;
			buildActionMask = 2147483647;
			files = (
				0CF2000AC8E46EB7B1B99BDB /* Assets.xcassets in Resources */,
			);
			runOnlyForDeploymentPostprocessing = 0;
		};
/* End PBXResourcesBuildPhase section */

/* Begin PBXSourcesBuildPhase section */
		31F1B2331372D8E49BF23B7D /* Sources */ = {
			isa = PBXSourcesBuildPhase;
			buildActionMask = 2147483647;
			files = (
				C98E5F7B760FE0E56AE8A771 /* AuthenticationManager.swift in Sources */,
				2445BC13687D271CED595BF4 /* ContentView.swift in Sources */,
				DEA443AEC286FA3E2B0AD169 /* ConvexService.swift in Sources */,
				54C1DE29AA70EFA3427E6BD2 /* Models.swift in Sources */,
				81640489E75D021E0B5E9D8C /* OnboardingView.swift in Sources */,
				7518B5E3329AF18C9216A0DB /* SignInView.swift in Sources */,
				35E1247D74602F7B8A7D4E89 /* WaterlineApp.swift in Sources */,
			);
			runOnlyForDeploymentPostprocessing = 0;
		};
		44AA8BFB4918C5A1C5AFB287 /* Sources */ = {
			isa = PBXSourcesBuildPhase;
			buildActionMask = 2147483647;
			files = (
				25E077EA8883369CA510198E /* WaterlineTests.swift in Sources */,
			);
			runOnlyForDeploymentPostprocessing = 0;
		};
		6B17E8C8F4CF58F6658DF634 /* Sources */ = {
			isa = PBXSourcesBuildPhase;
			buildActionMask = 2147483647;
			files = (
				CCA846A88E58371F54278E2D /* WaterlineTimelineProvider.swift in Sources */,
				2242C6E17B5696CA8415D967 /* WaterlineWidgets.swift in Sources */,
			);
			runOnlyForDeploymentPostprocessing = 0;
		};
		CB73AEB6C09318A626186A32 /* Sources */ = {
			isa = PBXSourcesBuildPhase;
			buildActionMask = 2147483647;
			files = (
				AD0B4F626EBA7DB56047EB45 /* WatchContentView.swift in Sources */,
				DEBE12ED2E07D31569DCB47F /* WaterlineWatchApp.swift in Sources */,
			);
			runOnlyForDeploymentPostprocessing = 0;
		};
		E3028FDFF0DAC6B8BAFDF59E /* Sources */ = {
			isa = PBXSourcesBuildPhase;
			buildActionMask = 2147483647;
			files = (
				AF6C2F792A80AF0F72F13557 /* LogDrinkIntent.swift in Sources */,
				FC3EA435F79AF6789E1C7DEA /* LogWaterIntent.swift in Sources */,
				349E4803DA753D20A5770F6F /* WaterlineIntentsExtension.swift in Sources */,
			);
			runOnlyForDeploymentPostprocessing = 0;
		};
/* End PBXSourcesBuildPhase section */

/* Begin PBXTargetDependency section */
		00A847354E814F03383B169D /* PBXTargetDependency */ = {
			isa = PBXTargetDependency;
			target = 69A568D048129E847FBB2B81 /* WaterlineIntents */;
			targetProxy = 2FB25B7F91A67267D419CC37 /* PBXContainerItemProxy */;
		};
		19AB92B676DDBCC6E719F97B /* PBXTargetDependency */ = {
			isa = PBXTargetDependency;
			target = 339CC83936A6F6A83638DFBF /* WaterlineWidgets */;
			targetProxy = ABC1943A06413A11295E5879 /* PBXContainerItemProxy */;
		};
		82B01910CC3D6EBA49576CE9 /* PBXTargetDependency */ = {
			isa = PBXTargetDependency;
			target = 05333D2E24F393C852FD5049 /* Waterline */;
			targetProxy = E1FFB4B322EA81218E0DB92B /* PBXContainerItemProxy */;
		};
/* End PBXTargetDependency section */

/* Begin XCBuildConfiguration section */
		0353EC3BDADCD0B1AD7FB282 /* Debug */ = {
			isa = XCBuildConfiguration;
			buildSettings = {
				INFOPLIST_FILE = WaterlineIntents/Info.plist;
				LD_RUNPATH_SEARCH_PATHS = (
					"$(inherited)",
					"@executable_path/Frameworks",
				);
				PRODUCT_BUNDLE_IDENTIFIER = com.waterline.app.intents;
				SDKROOT = iphoneos;
				SWIFT_EMIT_LOC_STRINGS = YES;
				TARGETED_DEVICE_FAMILY = "1,2";
			};
			name = Debug;
		};
		15C12C7128606B8E1EB7D357 /* Debug */ = {
			isa = XCBuildConfiguration;
			buildSettings = {
				ASSETCATALOG_COMPILER_APPICON_NAME = AppIcon;
				CODE_SIGN_IDENTITY = "iPhone Developer";
				CURRENT_PROJECT_VERSION = 1;
				GENERATE_INFOPLIST_FILE = YES;
				LD_RUNPATH_SEARCH_PATHS = (
					"$(inherited)",
					"@executable_path/Frameworks",
				);
				MARKETING_VERSION = 1.0.0;
				PRODUCT_BUNDLE_IDENTIFIER = com.waterline.app;
				SDKROOT = iphoneos;
				SWIFT_EMIT_LOC_STRINGS = YES;
				TARGETED_DEVICE_FAMILY = "1,2";
			};
			name = Debug;
		};
		38DE0E6823774C9D884C332C /* Release */ = {
			isa = XCBuildConfiguration;
			buildSettings = {
				ASSETCATALOG_COMPILER_APPICON_NAME = AppIcon;
				CODE_SIGN_IDENTITY = "iPhone Developer";
				CURRENT_PROJECT_VERSION = 1;
				GENERATE_INFOPLIST_FILE = YES;
				LD_RUNPATH_SEARCH_PATHS = (
					"$(inherited)",
					"@executable_path/Frameworks",
				);
				MARKETING_VERSION = 1.0.0;
				PRODUCT_BUNDLE_IDENTIFIER = com.waterline.app;
				SDKROOT = iphoneos;
				SWIFT_EMIT_LOC_STRINGS = YES;
				TARGETED_DEVICE_FAMILY = "1,2";
			};
			name = Release;
		};
		4D28854D85327409BFEC3DEB /* Debug */ = {
			isa = XCBuildConfiguration;
			buildSettings = {
				BUNDLE_LOADER = "$(TEST_HOST)";
				GENERATE_INFOPLIST_FILE = YES;
				LD_RUNPATH_SEARCH_PATHS = (
					"$(inherited)",
					"@executable_path/Frameworks",
					"@loader_path/Frameworks",
				);
				PRODUCT_BUNDLE_IDENTIFIER = com.waterline.app.tests;
				SDKROOT = iphoneos;
				TARGETED_DEVICE_FAMILY = "1,2";
				TEST_HOST = "$(BUILT_PRODUCTS_DIR)/Waterline.app/Waterline";
			};
			name = Debug;
		};
		75FA148D310AD9939922894E /* Release */ = {
			isa = XCBuildConfiguration;
			buildSettings = {
				INFOPLIST_FILE = WaterlineWidgets/Info.plist;
				LD_RUNPATH_SEARCH_PATHS = (
					"$(inherited)",
					"@executable_path/Frameworks",
					"@executable_path/../../Frameworks",
				);
				PRODUCT_BUNDLE_IDENTIFIER = com.waterline.app.widgets;
				SDKROOT = iphoneos;
				SWIFT_EMIT_LOC_STRINGS = YES;
				TARGETED_DEVICE_FAMILY = "1,2";
			};
			name = Release;
		};
		812D991B4CCF36FC0C385715 /* Release */ = {
			isa = XCBuildConfiguration;
			buildSettings = {
				ASSETCATALOG_COMPILER_APPICON_NAME = AppIcon;
				CURRENT_PROJECT_VERSION = 1;
				GENERATE_INFOPLIST_FILE = YES;
				MARKETING_VERSION = 1.0.0;
				PRODUCT_BUNDLE_IDENTIFIER = com.waterline.app.watchkitapp;
				SDKROOT = watchos;
				SKIP_INSTALL = YES;
				SWIFT_EMIT_LOC_STRINGS = YES;
				TARGETED_DEVICE_FAMILY = 4;
			};
			name = Release;
		};
		91AA1351401C0E1A0611F752 /* Debug */ = {
			isa = XCBuildConfiguration;
			buildSettings = {
				INFOPLIST_FILE = WaterlineWidgets/Info.plist;
				LD_RUNPATH_SEARCH_PATHS = (
					"$(inherited)",
					"@executable_path/Frameworks",
					"@executable_path/../../Frameworks",
				);
				PRODUCT_BUNDLE_IDENTIFIER = com.waterline.app.widgets;
				SDKROOT = iphoneos;
				SWIFT_EMIT_LOC_STRINGS = YES;
				TARGETED_DEVICE_FAMILY = "1,2";
			};
			name = Debug;
		};
		B6625D8DD52CBDF4E21529D1 /* Debug */ = {
			isa = XCBuildConfiguration;
			buildSettings = {
				ALWAYS_SEARCH_USER_PATHS = NO;
				CLANG_ANALYZER_NONNULL = YES;
				CLANG_ANALYZER_NUMBER_OBJECT_CONVERSION = YES_AGGRESSIVE;
				CLANG_CXX_LANGUAGE_STANDARD = "gnu++14";
				CLANG_CXX_LIBRARY = "libc++";
				CLANG_ENABLE_MODULES = YES;
				CLANG_ENABLE_OBJC_ARC = YES;
				CLANG_ENABLE_OBJC_WEAK = YES;
				CLANG_WARN_BLOCK_CAPTURE_AUTORELEASING = YES;
				CLANG_WARN_BOOL_CONVERSION = YES;
				CLANG_WARN_COMMA = YES;
				CLANG_WARN_CONSTANT_CONVERSION = YES;
				CLANG_WARN_DEPRECATED_OBJC_IMPLEMENTATIONS = YES;
				CLANG_WARN_DIRECT_OBJC_ISA_USAGE = YES_ERROR;
				CLANG_WARN_DOCUMENTATION_COMMENTS = YES;
				CLANG_WARN_EMPTY_BODY = YES;
				CLANG_WARN_ENUM_CONVERSION = YES;
				CLANG_WARN_INFINITE_RECURSION = YES;
				CLANG_WARN_INT_CONVERSION = YES;
				CLANG_WARN_NON_LITERAL_NULL_CONVERSION = YES;
				CLANG_WARN_OBJC_IMPLICIT_RETAIN_SELF = YES;
				CLANG_WARN_OBJC_LITERAL_CONVERSION = YES;
				CLANG_WARN_OBJC_ROOT_CLASS = YES_ERROR;
				CLANG_WARN_QUOTED_INCLUDE_IN_FRAMEWORK_HEADER = YES;
				CLANG_WARN_RANGE_LOOP_ANALYSIS = YES;
				CLANG_WARN_STRICT_PROTOTYPES = YES;
				CLANG_WARN_SUSPICIOUS_MOVE = YES;
				CLANG_WARN_UNGUARDED_AVAILABILITY = YES_AGGRESSIVE;
				CLANG_WARN_UNREACHABLE_CODE = YES;
				CLANG_WARN__DUPLICATE_METHOD_MATCH = YES;
				CODE_SIGNING_ALLOWED = NO;
				CODE_SIGNING_REQUIRED = NO;
				CODE_SIGN_IDENTITY = "-";
				COPY_PHASE_STRIP = NO;
				DEBUG_INFORMATION_FORMAT = dwarf;
				ENABLE_STRICT_OBJC_MSGSEND = YES;
				ENABLE_TESTABILITY = YES;
				GCC_C_LANGUAGE_STANDARD = gnu11;
				GCC_DYNAMIC_NO_PIC = NO;
				GCC_NO_COMMON_BLOCKS = YES;
				GCC_OPTIMIZATION_LEVEL = 0;
				GCC_PREPROCESSOR_DEFINITIONS = (
					"$(inherited)",
					"DEBUG=1",
				);
				GCC_WARN_64_TO_32_BIT_CONVERSION = YES;
				GCC_WARN_ABOUT_RETURN_TYPE = YES_ERROR;
				GCC_WARN_UNDECLARED_SELECTOR = YES;
				GCC_WARN_UNINITIALIZED_AUTOS = YES_AGGRESSIVE;
				GCC_WARN_UNUSED_FUNCTION = YES;
				GCC_WARN_UNUSED_VARIABLE = YES;
				IPHONEOS_DEPLOYMENT_TARGET = 17.0;
				MTL_ENABLE_DEBUG_INFO = INCLUDE_SOURCE;
				MTL_FAST_MATH = YES;
				ONLY_ACTIVE_ARCH = YES;
				PRODUCT_NAME = "$(TARGET_NAME)";
				SWIFT_ACTIVE_COMPILATION_CONDITIONS = DEBUG;
				SWIFT_OPTIMIZATION_LEVEL = "-Onone";
				SWIFT_VERSION = 6.0;
				WATCHOS_DEPLOYMENT_TARGET = 10.0;
			};
			name = Debug;
		};
		C0A9D2A5A45D219C9E53B3C5 /* Debug */ = {
			isa = XCBuildConfiguration;
			buildSettings = {
				ASSETCATALOG_COMPILER_APPICON_NAME = AppIcon;
				CURRENT_PROJECT_VERSION = 1;
				GENERATE_INFOPLIST_FILE = YES;
				MARKETING_VERSION = 1.0.0;
				PRODUCT_BUNDLE_IDENTIFIER = com.waterline.app.watchkitapp;
				SDKROOT = watchos;
				SKIP_INSTALL = YES;
				SWIFT_EMIT_LOC_STRINGS = YES;
				TARGETED_DEVICE_FAMILY = 4;
			};
			name = Debug;
		};
		C5BB88638323BB049D33CF2A /* Release */ = {
			isa = XCBuildConfiguration;
			buildSettings = {
				BUNDLE_LOADER = "$(TEST_HOST)";
				GENERATE_INFOPLIST_FILE = YES;
				LD_RUNPATH_SEARCH_PATHS = (
					"$(inherited)",
					"@executable_path/Frameworks",
					"@loader_path/Frameworks",
				);
				PRODUCT_BUNDLE_IDENTIFIER = com.waterline.app.tests;
				SDKROOT = iphoneos;
				TARGETED_DEVICE_FAMILY = "1,2";
				TEST_HOST = "$(BUILT_PRODUCTS_DIR)/Waterline.app/Waterline";
			};
			name = Release;
		};
		C826DA7F15AF7FDB07F51CAC /* Release */ = {
			isa = XCBuildConfiguration;
			buildSettings = {
				ALWAYS_SEARCH_USER_PATHS = NO;
				CLANG_ANALYZER_NONNULL = YES;
				CLANG_ANALYZER_NUMBER_OBJECT_CONVERSION = YES_AGGRESSIVE;
				CLANG_CXX_LANGUAGE_STANDARD = "gnu++14";
				CLANG_CXX_LIBRARY = "libc++";
				CLANG_ENABLE_MODULES = YES;
				CLANG_ENABLE_OBJC_ARC = YES;
				CLANG_ENABLE_OBJC_WEAK = YES;
				CLANG_WARN_BLOCK_CAPTURE_AUTORELEASING = YES;
				CLANG_WARN_BOOL_CONVERSION = YES;
				CLANG_WARN_COMMA = YES;
				CLANG_WARN_CONSTANT_CONVERSION = YES;
				CLANG_WARN_DEPRECATED_OBJC_IMPLEMENTATIONS = YES;
				CLANG_WARN_DIRECT_OBJC_ISA_USAGE = YES_ERROR;
				CLANG_WARN_DOCUMENTATION_COMMENTS = YES;
				CLANG_WARN_EMPTY_BODY = YES;
				CLANG_WARN_ENUM_CONVERSION = YES;
				CLANG_WARN_INFINITE_RECURSION = YES;
				CLANG_WARN_INT_CONVERSION = YES;
				CLANG_WARN_NON_LITERAL_NULL_CONVERSION = YES;
				CLANG_WARN_OBJC_IMPLICIT_RETAIN_SELF = YES;
				CLANG_WARN_OBJC_LITERAL_CONVERSION = YES;
				CLANG_WARN_OBJC_ROOT_CLASS = YES_ERROR;
				CLANG_WARN_QUOTED_INCLUDE_IN_FRAMEWORK_HEADER = YES;
				CLANG_WARN_RANGE_LOOP_ANALYSIS = YES;
				CLANG_WARN_STRICT_PROTOTYPES = YES;
				CLANG_WARN_SUSPICIOUS_MOVE = YES;
				CLANG_WARN_UNGUARDED_AVAILABILITY = YES_AGGRESSIVE;
				CLANG_WARN_UNREACHABLE_CODE = YES;
				CLANG_WARN__DUPLICATE_METHOD_MATCH = YES;
				CODE_SIGNING_ALLOWED = NO;
				CODE_SIGNING_REQUIRED = NO;
				CODE_SIGN_IDENTITY = "-";
				COPY_PHASE_STRIP = NO;
				DEBUG_INFORMATION_FORMAT = "dwarf-with-dsym";
				ENABLE_NS_ASSERTIONS = NO;
				ENABLE_STRICT_OBJC_MSGSEND = YES;
				GCC_C_LANGUAGE_STANDARD = gnu11;
				GCC_NO_COMMON_BLOCKS = YES;
				GCC_WARN_64_TO_32_BIT_CONVERSION = YES;
				GCC_WARN_ABOUT_RETURN_TYPE = YES_ERROR;
				GCC_WARN_UNDECLARED_SELECTOR = YES;
				GCC_WARN_UNINITIALIZED_AUTOS = YES_AGGRESSIVE;
				GCC_WARN_UNUSED_FUNCTION = YES;
				GCC_WARN_UNUSED_VARIABLE = YES;
				IPHONEOS_DEPLOYMENT_TARGET = 17.0;
				MTL_ENABLE_DEBUG_INFO = NO;
				MTL_FAST_MATH = YES;
				PRODUCT_NAME = "$(TARGET_NAME)";
				SWIFT_COMPILATION_MODE = wholemodule;
				SWIFT_OPTIMIZATION_LEVEL = "-O";
				SWIFT_VERSION = 6.0;
				WATCHOS_DEPLOYMENT_TARGET = 10.0;
			};
			name = Release;
		};
		FFDCA6C8B2CE6FCDE195A3BE /* Release */ = {
			isa = XCBuildConfiguration;
			buildSettings = {
				INFOPLIST_FILE = WaterlineIntents/Info.plist;
				LD_RUNPATH_SEARCH_PATHS = (
					"$(inherited)",
					"@executable_path/Frameworks",
				);
				PRODUCT_BUNDLE_IDENTIFIER = com.waterline.app.intents;
				SDKROOT = iphoneos;
				SWIFT_EMIT_LOC_STRINGS = YES;
				TARGETED_DEVICE_FAMILY = "1,2";
			};
			name = Release;
		};
/* End XCBuildConfiguration section */

/* Begin XCConfigurationList section */
		292BD68FF8BB351BF023CC8C /* Build configuration list for PBXNativeTarget "WaterlineTests" */ = {
			isa = XCConfigurationList;
			buildConfigurations = (
				4D28854D85327409BFEC3DEB /* Debug */,
				C5BB88638323BB049D33CF2A /* Release */,
			);
			defaultConfigurationIsVisible = 0;
			defaultConfigurationName = Debug;
		};
		78E4DCB96C6A55B94A1D6B82 /* Build configuration list for PBXNativeTarget "WaterlineWatch" */ = {
			isa = XCConfigurationList;
			buildConfigurations = (
				C0A9D2A5A45D219C9E53B3C5 /* Debug */,
				812D991B4CCF36FC0C385715 /* Release */,
			);
			defaultConfigurationIsVisible = 0;
			defaultConfigurationName = Debug;
		};
		9DC867310420BC713533F6F5 /* Build configuration list for PBXNativeTarget "WaterlineIntents" */ = {
			isa = XCConfigurationList;
			buildConfigurations = (
				0353EC3BDADCD0B1AD7FB282 /* Debug */,
				FFDCA6C8B2CE6FCDE195A3BE /* Release */,
			);
			defaultConfigurationIsVisible = 0;
			defaultConfigurationName = Debug;
		};
		B1572A8EC935B050B05FA0B3 /* Build configuration list for PBXNativeTarget "WaterlineWidgets" */ = {
			isa = XCConfigurationList;
			buildConfigurations = (
				91AA1351401C0E1A0611F752 /* Debug */,
				75FA148D310AD9939922894E /* Release */,
			);
			defaultConfigurationIsVisible = 0;
			defaultConfigurationName = Debug;
		};
		EC3F480CBAB7397785F3C06B /* Build configuration list for PBXProject "Waterline" */ = {
			isa = XCConfigurationList;
			buildConfigurations = (
				B6625D8DD52CBDF4E21529D1 /* Debug */,
				C826DA7F15AF7FDB07F51CAC /* Release */,
			);
			defaultConfigurationIsVisible = 0;
			defaultConfigurationName = Debug;
		};
		F7447D2AA5ACC64A0FC4CFFB /* Build configuration list for PBXNativeTarget "Waterline" */ = {
			isa = XCConfigurationList;
			buildConfigurations = (
				15C12C7128606B8E1EB7D357 /* Debug */,
				38DE0E6823774C9D884C332C /* Release */,
			);
			defaultConfigurationIsVisible = 0;
			defaultConfigurationName = Debug;
		};
/* End XCConfigurationList section */
	};
	rootObject = 121E5DB97AB2AAC1888D7AFC /* Project object */;
}
